<?xml version="1.0" encoding="utf-8"?>
<Project ToolsVersion="4.0" xmlns="http://schemas.microsoft.com/developer/msbuild/2003">
  <ItemGroup>
    <Filter Include="File di origine">
      <UniqueIdentifier>{4FC737F1-C7A5-4376-A066-2A32D752A2FF}</UniqueIdentifier>
      <Extensions>cpp;c;cc;cxx;def;odl;idl;hpj;bat;asm;asmx</Extensions>
    </Filter>
    <Filter Include="File di intestazione">
      <UniqueIdentifier>{93995380-89BD-4b04-88EB-625FBE52EBFB}</UniqueIdentifier>
      <Extensions>h;hh;hpp;hxx;hm;inl;inc;ipp;xsd</Extensions>
    </Filter>
    <Filter Include="File di risorse">
      <UniqueIdentifier>{67DA6AB6-F800-4c08-8B7A-83BB121AAD01}</UniqueIdentifier>
      <Extensions>rc;ico;cur;bmp;dlg;rc2;rct;bin;rgs;gif;jpg;jpeg;jpe;resx;tiff;tif;png;wav;mfcribbon-ms</Extensions>
    </Filter>
  </ItemGroup>
  <ItemGroup>
    <ClCompile Include="src\Main.cpp">
      <Filter>File di origine</Filter>
    </ClCompile>
    <ClCompile Include="src\Engine.cpp">
      <Filter>File di origine</Filter>
    </ClCompile>
    <ClCompile Include="src\Window.cpp">
      <Filter>File di origine</Filter>
    </ClCompile>
    <ClCompile Include="src\Shader.cpp">
      <Filter>File di origine</Filter>
    </ClCompile>
    <ClCompile Include="src\FBXParser.cpp">
      <Filter>File di origine</Filter>
    </ClCompile>
    <ClCompile Include="src\Buffer.cpp">
      <Filter>File di origine</Filter>
    </ClCompile>
    <ClCompile Include="src\Material.cpp">
      <Filter>File di origine</Filter>
    </ClCompile>
    <ClCompile Include="header\ShaderList.cpp">
      <Filter>File di origine</Filter>
    </ClCompile>
    <ClCompile Include="src\Stb_image.cpp">
      <Filter>File di origine</Filter>
    </ClCompile>
    <ClCompile Include="src\Texture.cpp">
      <Filter>File di origine</Filter>
    </ClCompile>
  </ItemGroup>
  <ItemGroup>
    <ClInclude Include="header\GraphicHeader.h">
      <Filter>File di intestazione</Filter>
    </ClInclude>
    <ClInclude Include="header\Window.h">
      <Filter>File di intestazione</Filter>
    </ClInclude>
    <ClInclude Include="header\FileReader.h">
      <Filter>File di intestazione</Filter>
    </ClInclude>
    <ClInclude Include="header\Engine.h">
      <Filter>File di intestazione</Filter>
    </ClInclude>
    <ClInclude Include="header\Material.h">
      <Filter>File di intestazione</Filter>
    </ClInclude>
    <ClInclude Include="header\Shader.h">
      <Filter>File di intestazione</Filter>
    </ClInclude>
    <ClInclude Include="header\Buffer.h">
      <Filter>File di intestazione</Filter>
    </ClInclude>
    <ClInclude Include="header\Utils.h">
      <Filter>File di intestazione</Filter>
    </ClInclude>
    <ClInclude Include="header\FBXParser.h">
      <Filter>File di intestazione</Filter>
    </ClInclude>
    <ClInclude Include="header\Uniform.h">
      <Filter>File di intestazione</Filter>
    </ClInclude>
    <ClInclude Include="header\ShaderList.h">
      <Filter>File di intestazione</Filter>
    </ClInclude>
    <ClInclude Include="header\Stb_image.h">
      <Filter>File di intestazione</Filter>
    </ClInclude>
    <ClInclude Include="header\Texture.h">
      <Filter>File di intestazione</Filter>
    </ClInclude>
  </ItemGroup>
  <ItemGroup>
    <None Include="Content\Shader\Shader.glsl" />
    <None Include="Content\Shader\Shader2.glsl" />
    <None Include="Content\Shader\BasicShader.glsl" />
    <None Include="Content\Mesh\FBX\AskeladFixedScale.fbx" />
    <None Include="Content\Shader\A.glsl" />
    <None Include="Content\Mesh\FBX\cottage_fbx.fbx" />
    <None Include="Content\Mesh\FBX\MotusMan_v2.fbx" />
  </ItemGroup>
  <ItemGroup>
    <Image Include="Content\Image\jesusdj.jpg">
      <Filter>File di risorse</Filter>
    </Image>
    <Image Include="Content\Image\Image.png">
      <Filter>File di risorse</Filter>
    </Image>
    <Image Include="Content\Image\cottage_diffuse.png">
      <Filter>File di risorse</Filter>
    </Image>
    <Image Include="Content\Image\cottage_normal.png">
      <Filter>File di risorse</Filter>
    </Image>
    <Image Include="Content\Image\MCG_diff.jpg">
      <Filter>File di risorse</Filter>
    </Image>
    <Image Include="Content\Image\MCG_norm.png">
      <Filter>File di risorse</Filter>
    </Image>
    <Image Include="Content\Image\MCG_norm.jpg">
      <Filter>File di risorse</Filter>
    </Image>
    <Image Include="Content\Image\MCG_diff.png">
      <Filter>File di risorse</Filter>
    </Image>
  </ItemGroup>
</Project>